
Microsoft Visual Studio Solution File, Format Version 12.00
# Visual Studio Version 17
VisualStudioVersion = 17.4.33103.184
MinimumVisualStudioVersion = 10.0.40219.1
Project("{FAE04EC0-301F-11D3-BF4B-00C04F79EFBC}") = "Learning_Platform_Login", "Learning_Platform\Learning_Platform_Login.csproj", "{9A1A21BF-A0C0-4497-8495-3E4BECFD9659}"
EndProject
Global
	GlobalSection(SolutionConfigurationPlatforms) = preSolution
		Debug|Any CPU = Debug|Any CPU
		Release|Any CPU = Release|Any CPU
	EndGlobalSection
	GlobalSection(ProjectConfigurationPlatforms) = postSolution
		{9A1A21BF-A0C0-4497-8495-3E4BECFD9659}.Debug|Any CPU.ActiveCfg = Debug|Any CPU
		{9A1A21BF-A0C0-4497-8495-3E4BECFD9659}.Debug|Any CPU.Build.0 = Debug|Any CPU
		{9A1A21BF-A0C0-4497-8495-3E4BECFD9659}.Release|Any CPU.ActiveCfg = Release|Any CPU
		{9A1A21BF-A0C0-4497-8495-3E4BECFD9659}.Release|Any CPU.Build.0 = Release|Any CPU
	EndGlobalSection
	GlobalSection(SolutionProperties) = preSolution
		HideSolutionNode = FALSE
	EndGlobalSection
	GlobalSection(ExtensibilityGlobals) = postSolution
		SolutionGuid = {03899B03-27DA-4AA0-B8BB-CE4DA0F30E27}
	EndGlobalSection
EndGlobal
