
Microsoft Visual Studio Solution File, Format Version 12.00
# Visual Studio Version 16
VisualStudioVersion = 16.0.31728.76
MinimumVisualStudioVersion = 10.0.40219.1
Project("{FAE04EC0-301F-11D3-BF4B-00C04F79EFBC}") = "LearningPlatform", "LearningPlatform.csproj", "{BBA8B855-473F-4DFB-8C3C-AE97CA098966}"
EndProject
Global
	GlobalSection(SolutionConfigurationPlatforms) = preSolution
		Debug|Any CPU = Debug|Any CPU
		Release|Any CPU = Release|Any CPU
	EndGlobalSection
	GlobalSection(ProjectConfigurationPlatforms) = postSolution
		{BBA8B855-473F-4DFB-8C3C-AE97CA098966}.Debug|Any CPU.ActiveCfg = Debug|Any CPU
		{BBA8B855-473F-4DFB-8C3C-AE97CA098966}.Debug|Any CPU.Build.0 = Debug|Any CPU
		{BBA8B855-473F-4DFB-8C3C-AE97CA098966}.Release|Any CPU.ActiveCfg = Release|Any CPU
		{BBA8B855-473F-4DFB-8C3C-AE97CA098966}.Release|Any CPU.Build.0 = Release|Any CPU
	EndGlobalSection
	GlobalSection(SolutionProperties) = preSolution
		HideSolutionNode = FALSE
	EndGlobalSection
	GlobalSection(ExtensibilityGlobals) = postSolution
		SolutionGuid = {06211810-8EE1-4874-98BB-F807A4A3CE27}
	EndGlobalSection
EndGlobal
